
Microsoft Visual Studio Solution File, Format Version 12.00
Project("{FAE04EC0-301F-11D3-BF4B-00C04F79EFBC}") = "Nertz.Domain", "Nertz.Domain\Nertz.Domain.csproj", "{4DD02197-6054-4DC3-A0D2-5A0A72C11188}"
EndProject
Project("{FAE04EC0-301F-11D3-BF4B-00C04F79EFBC}") = "Nertz.API", "Nertz.API\Nertz.API.csproj", "{291EFC08-C9CE-4D5C-8A2E-969F2470B0CE}"
EndProject
Project("{FAE04EC0-301F-11D3-BF4B-00C04F79EFBC}") = "Nertz.Tests", "Nertz.Tests\Nertz.Tests.csproj", "{F5926787-8688-452A-94E3-71F7A584FED1}"
EndProject
Project("{FAE04EC0-301F-11D3-BF4B-00C04F79EFBC}") = "Nertz.Infrastructure", "Nertz.Infrastructure\Nertz.Infrastructure.csproj", "{CFB86B69-B6AF-42CA-89C1-1BD8EBBB39DA}"
EndProject
Project("{FAE04EC0-301F-11D3-BF4B-00C04F79EFBC}") = "Nertz.Migrations", "Nertz.Migrations\Nertz.Migrations.csproj", "{411BBB49-9EB6-44F5-82BF-3F7B523A846A}"
EndProject
Global
	GlobalSection(SolutionConfigurationPlatforms) = preSolution
		Debug|Any CPU = Debug|Any CPU
		Release|Any CPU = Release|Any CPU
	EndGlobalSection
	GlobalSection(ProjectConfigurationPlatforms) = postSolution
		{4DD02197-6054-4DC3-A0D2-5A0A72C11188}.Debug|Any CPU.ActiveCfg = Debug|Any CPU
		{4DD02197-6054-4DC3-A0D2-5A0A72C11188}.Debug|Any CPU.Build.0 = Debug|Any CPU
		{4DD02197-6054-4DC3-A0D2-5A0A72C11188}.Release|Any CPU.ActiveCfg = Release|Any CPU
		{4DD02197-6054-4DC3-A0D2-5A0A72C11188}.Release|Any CPU.Build.0 = Release|Any CPU
		{291EFC08-C9CE-4D5C-8A2E-969F2470B0CE}.Debug|Any CPU.ActiveCfg = Debug|Any CPU
		{291EFC08-C9CE-4D5C-8A2E-969F2470B0CE}.Debug|Any CPU.Build.0 = Debug|Any CPU
		{291EFC08-C9CE-4D5C-8A2E-969F2470B0CE}.Release|Any CPU.ActiveCfg = Release|Any CPU
		{291EFC08-C9CE-4D5C-8A2E-969F2470B0CE}.Release|Any CPU.Build.0 = Release|Any CPU
		{F5926787-8688-452A-94E3-71F7A584FED1}.Debug|Any CPU.ActiveCfg = Debug|Any CPU
		{F5926787-8688-452A-94E3-71F7A584FED1}.Debug|Any CPU.Build.0 = Debug|Any CPU
		{F5926787-8688-452A-94E3-71F7A584FED1}.Release|Any CPU.ActiveCfg = Release|Any CPU
		{F5926787-8688-452A-94E3-71F7A584FED1}.Release|Any CPU.Build.0 = Release|Any CPU
		{CFB86B69-B6AF-42CA-89C1-1BD8EBBB39DA}.Debug|Any CPU.ActiveCfg = Debug|Any CPU
		{CFB86B69-B6AF-42CA-89C1-1BD8EBBB39DA}.Debug|Any CPU.Build.0 = Debug|Any CPU
		{CFB86B69-B6AF-42CA-89C1-1BD8EBBB39DA}.Release|Any CPU.ActiveCfg = Release|Any CPU
		{CFB86B69-B6AF-42CA-89C1-1BD8EBBB39DA}.Release|Any CPU.Build.0 = Release|Any CPU
		{411BBB49-9EB6-44F5-82BF-3F7B523A846A}.Debug|Any CPU.ActiveCfg = Debug|Any CPU
		{411BBB49-9EB6-44F5-82BF-3F7B523A846A}.Debug|Any CPU.Build.0 = Debug|Any CPU
		{411BBB49-9EB6-44F5-82BF-3F7B523A846A}.Release|Any CPU.ActiveCfg = Release|Any CPU
		{411BBB49-9EB6-44F5-82BF-3F7B523A846A}.Release|Any CPU.Build.0 = Release|Any CPU
	EndGlobalSection
EndGlobal
